// !$*UTF8*$!
{
	archiveVersion = 1;
	classes = {
	};
	objectVersion = 46;
	objects = {

/* Begin PBXBuildFile section */
		A6F90EDE1CEF6E70008DC7B2 /* AppDelegate.swift in Sources */ = {isa = PBXBuildFile; fileRef = A6F90EDD1CEF6E70008DC7B2 /* AppDelegate.swift */; };
		A6F90EE01CEF6E70008DC7B2 /* ViewController.swift in Sources */ = {isa = PBXBuildFile; fileRef = A6F90EDF1CEF6E70008DC7B2 /* ViewController.swift */; };
		A6F90EE31CEF6E70008DC7B2 /* Main.storyboard in Resources */ = {isa = PBXBuildFile; fileRef = A6F90EE11CEF6E70008DC7B2 /* Main.storyboard */; };
		A6F90EE61CEF6E70008DC7B2 /* BeltExam.xcdatamodeld in Sources */ = {isa = PBXBuildFile; fileRef = A6F90EE41CEF6E70008DC7B2 /* BeltExam.xcdatamodeld */; };
		A6F90EE81CEF6E70008DC7B2 /* Assets.xcassets in Resources */ = {isa = PBXBuildFile; fileRef = A6F90EE71CEF6E70008DC7B2 /* Assets.xcassets */; };
		A6F90EEB1CEF6E70008DC7B2 /* LaunchScreen.storyboard in Resources */ = {isa = PBXBuildFile; fileRef = A6F90EE91CEF6E70008DC7B2 /* LaunchScreen.storyboard */; };
/* End PBXBuildFile section */

/* Begin PBXFileReference section */
		A6F90EDA1CEF6E70008DC7B2 /* BeltExam.app */ = {isa = PBXFileReference; explicitFileType = wrapper.application; includeInIndex = 0; path = BeltExam.app; sourceTree = BUILT_PRODUCTS_DIR; };
		A6F90EDD1CEF6E70008DC7B2 /* AppDelegate.swift */ = {isa = PBXFileReference; lastKnownFileType = sourcecode.swift; path = AppDelegate.swift; sourceTree = "<group>"; };
		A6F90EDF1CEF6E70008DC7B2 /* ViewController.swift */ = {isa = PBXFileReference; lastKnownFileType = sourcecode.swift; path = ViewController.swift; sourceTree = "<group>"; };
		A6F90EE21CEF6E70008DC7B2 /* Base */ = {isa = PBXFileReference; lastKnownFileType = file.storyboard; name = Base; path = Base.lproj/Main.storyboard; sourceTree = "<group>"; };
		A6F90EE51CEF6E70008DC7B2 /* BeltExam.xcdatamodel */ = {isa = PBXFileReference; lastKnownFileType = wrapper.xcdatamodel; path = BeltExam.xcdatamodel; sourceTree = "<group>"; };
		A6F90EE71CEF6E70008DC7B2 /* Assets.xcassets */ = {isa = PBXFileReference; lastKnownFileType = folder.assetcatalog; path = Assets.xcassets; sourceTree = "<group>"; };
		A6F90EEA1CEF6E70008DC7B2 /* Base */ = {isa = PBXFileReference; lastKnownFileType = file.storyboard; name = Base; path = Base.lproj/LaunchScreen.storyboard; sourceTree = "<group>"; };
		A6F90EEC1CEF6E70008DC7B2 /* Info.plist */ = {isa = PBXFileReference; lastKnownFileType = text.plist.xml; path = Info.plist; sourceTree = "<group>"; };
/* End PBXFileReference section */

/* Begin PBXFrameworksBuildPhase section */
		A6F90ED71CEF6E70008DC7B2 /* Frameworks */ = {
			isa = PBXFrameworksBuildPhase;
			buildActionMask = 2147483647;
			files = (
			);
			runOnlyForDeploymentPostprocessing = 0;
		};
/* End PBXFrameworksBuildPhase section */

/* Begin PBXGroup section */
		A6F90ED11CEF6E70008DC7B2 = {
			isa = PBXGroup;
			children = (
				A6F90EDC1CEF6E70008DC7B2 /* BeltExam */,
				A6F90EDB1CEF6E70008DC7B2 /* Products */,
			);
			sourceTree = "<group>";
		};
		A6F90EDB1CEF6E70008DC7B2 /* Products */ = {
			isa = PBXGroup;
			children = (
				A6F90EDA1CEF6E70008DC7B2 /* BeltExam.app */,
			);
			name = Products;
			sourceTree = "<group>";
		};
		A6F90EDC1CEF6E70008DC7B2 /* BeltExam */ = {
			isa = PBXGroup;
			children = (
				A6F90EDD1CEF6E70008DC7B2 /* AppDelegate.swift */,
				A6F90EDF1CEF6E70008DC7B2 /* ViewController.swift */,
				A6F90EE11CEF6E70008DC7B2 /* Main.storyboard */,
				A6F90EE71CEF6E70008DC7B2 /* Assets.xcassets */,
				A6F90EE91CEF6E70008DC7B2 /* LaunchScreen.storyboard */,
				A6F90EEC1CEF6E70008DC7B2 /* Info.plist */,
				A6F90EE41CEF6E70008DC7B2 /* BeltExam.xcdatamodeld */,
			);
			path = BeltExam;
			sourceTree = "<group>";
		};
/* End PBXGroup section */

/* Begin PBXNativeTarget section */
		A6F90ED91CEF6E70008DC7B2 /* BeltExam */ = {
			isa = PBXNativeTarget;
			buildConfigurationList = A6F90EEF1CEF6E70008DC7B2 /* Build configuration list for PBXNativeTarget "BeltExam" */;
			buildPhases = (
				A6F90ED61CEF6E70008DC7B2 /* Sources */,
				A6F90ED71CEF6E70008DC7B2 /* Frameworks */,
				A6F90ED81CEF6E70008DC7B2 /* Resources */,
			);
			buildRules = (
			);
			dependencies = (
			);
			name = BeltExam;
			productName = BeltExam;
			productReference = A6F90EDA1CEF6E70008DC7B2 /* BeltExam.app */;
			productType = "com.apple.product-type.application";
		};
/* End PBXNativeTarget section */

/* Begin PBXProject section */
		A6F90ED21CEF6E70008DC7B2 /* Project object */ = {
			isa = PBXProject;
			attributes = {
				LastSwiftUpdateCheck = 0730;
				LastUpgradeCheck = 0730;
				ORGANIZATIONNAME = "Michael Arbogast";
				TargetAttributes = {
					A6F90ED91CEF6E70008DC7B2 = {
						CreatedOnToolsVersion = 7.3.1;
					};
				};
			};
			buildConfigurationList = A6F90ED51CEF6E70008DC7B2 /* Build configuration list for PBXProject "BeltExam" */;
			compatibilityVersion = "Xcode 3.2";
			developmentRegion = English;
			hasScannedForEncodings = 0;
			knownRegions = (
				en,
				Base,
			);
			mainGroup = A6F90ED11CEF6E70008DC7B2;
			productRefGroup = A6F90EDB1CEF6E70008DC7B2 /* Products */;
			projectDirPath = "";
			projectRoot = "";
			targets = (
				A6F90ED91CEF6E70008DC7B2 /* BeltExam */,
			);
		};
/* End PBXProject section */

/* Begin PBXResourcesBuildPhase section */
		A6F90ED81CEF6E70008DC7B2 /* Resources */ = {
			isa = PBXResourcesBuildPhase;
			buildActionMask = 2147483647;
			files = (
				A6F90EEB1CEF6E70008DC7B2 /* LaunchScreen.storyboard in Resources */,
				A6F90EE81CEF6E70008DC7B2 /* Assets.xcassets in Resources */,
				A6F90EE31CEF6E70008DC7B2 /* Main.storyboard in Resources */,
			);
			runOnlyForDeploymentPostprocessing = 0;
		};
/* End PBXResourcesBuildPhase section */

/* Begin PBXSourcesBuildPhase section */
		A6F90ED61CEF6E70008DC7B2 /* Sources */ = {
			isa = PBXSourcesBuildPhase;
			buildActionMask = 2147483647;
			files = (
				A6F90EE01CEF6E70008DC7B2 /* ViewController.swift in Sources */,
				A6F90EDE1CEF6E70008DC7B2 /* AppDelegate.swift in Sources */,
				A6F90EE61CEF6E70008DC7B2 /* BeltExam.xcdatamodeld in Sources */,
			);
			runOnlyForDeploymentPostprocessing = 0;
		};
/* End PBXSourcesBuildPhase section */

/* Begin PBXVariantGroup section */
		A6F90EE11CEF6E70008DC7B2 /* Main.storyboard */ = {
			isa = PBXVariantGroup;
			children = (
				A6F90EE21CEF6E70008DC7B2 /* Base */,
			);
			name = Main.storyboard;
			sourceTree = "<group>";
		};
		A6F90EE91CEF6E70008DC7B2 /* LaunchScreen.storyboard */ = {
			isa = PBXVariantGroup;
			children = (
				A6F90EEA1CEF6E70008DC7B2 /* Base */,
			);
			name = LaunchScreen.storyboard;
			sourceTree = "<group>";
		};
/* End PBXVariantGroup section */

/* Begin XCBuildConfiguration section */
		A6F90EED1CEF6E70008DC7B2 /* Debug */ = {
			isa = XCBuildConfiguration;
			buildSettings = {
				ALWAYS_SEARCH_USER_PATHS = NO;
				CLANG_ANALYZER_NONNULL = YES;
				CLANG_CXX_LANGUAGE_STANDARD = "gnu++0x";
				CLANG_CXX_LIBRARY = "libc++";
				CLANG_ENABLE_MODULES = YES;
				CLANG_ENABLE_OBJC_ARC = YES;
				CLANG_WARN_BOOL_CONVERSION = YES;
				CLANG_WARN_CONSTANT_CONVERSION = YES;
				CLANG_WARN_DIRECT_OBJC_ISA_USAGE = YES_ERROR;
				CLANG_WARN_EMPTY_BODY = YES;
				CLANG_WARN_ENUM_CONVERSION = YES;
				CLANG_WARN_INT_CONVERSION = YES;
				CLANG_WARN_OBJC_ROOT_CLASS = YES_ERROR;
				CLANG_WARN_UNREACHABLE_CODE = YES;
				CLANG_WARN__DUPLICATE_METHOD_MATCH = YES;
				"CODE_SIGN_IDENTITY[sdk=iphoneos*]" = "iPhone Developer";
				COPY_PHASE_STRIP = NO;
				DEBUG_INFORMATION_FORMAT = dwarf;
				ENABLE_STRICT_OBJC_MSGSEND = YES;
				ENABLE_TESTABILITY = YES;
				GCC_C_LANGUAGE_STANDARD = gnu99;
				GCC_DYNAMIC_NO_PIC = NO;
				GCC_NO_COMMON_BLOCKS = YES;
				GCC_OPTIMIZATION_LEVEL = 0;
				GCC_PREPROCESSOR_DEFINITIONS = (
					"DEBUG=1",
					"$(inherited)",
				);
				GCC_WARN_64_TO_32_BIT_CONVERSION = YES;
				GCC_WARN_ABOUT_RETURN_TYPE = YES_ERROR;
				GCC_WARN_UNDECLARED_SELECTOR = YES;
				GCC_WARN_UNINITIALIZED_AUTOS = YES_AGGRESSIVE;
				GCC_WARN_UNUSED_FUNCTION = YES;
				GCC_WARN_UNUSED_VARIABLE = YES;
				IPHONEOS_DEPLOYMENT_TARGET = 9.3;
				MTL_ENABLE_DEBUG_INFO = YES;
				ONLY_ACTIVE_ARCH = YES;
				SDKROOT = iphoneos;
				SWIFT_OPTIMIZATION_LEVEL = "-Onone";
				TARGETED_DEVICE_FAMILY = "1,2";
			};
			name = Debug;
		};
		A6F90EEE1CEF6E70008DC7B2 /* Release */ = {
			isa = XCBuildConfiguration;
			buildSettings = {
				ALWAYS_SEARCH_USER_PATHS = NO;
				CLANG_ANALYZER_NONNULL = YES;
				CLANG_CXX_LANGUAGE_STANDARD = "gnu++0x";
				CLANG_CXX_LIBRARY = "libc++";
				CLANG_ENABLE_MODULES = YES;
				CLANG_ENABLE_OBJC_ARC = YES;
				CLANG_WARN_BOOL_CONVERSION = YES;
				CLANG_WARN_CONSTANT_CONVERSION = YES;
				CLANG_WARN_DIRECT_OBJC_ISA_USAGE = YES_ERROR;
				CLANG_WARN_EMPTY_BODY = YES;
				CLANG_WARN_ENUM_CONVERSION = YES;
				CLANG_WARN_INT_CONVERSION = YES;
				CLANG_WARN_OBJC_ROOT_CLASS = YES_ERROR;
				CLANG_WARN_UNREACHABLE_CODE = YES;
				CLANG_WARN__DUPLICATE_METHOD_MATCH = YES;
				"CODE_SIGN_IDENTITY[sdk=iphoneos*]" = "iPhone Developer";
				COPY_PHASE_STRIP = NO;
				DEBUG_INFORMATION_FORMAT = "dwarf-with-dsym";
				ENABLE_NS_ASSERTIONS = NO;
				ENABLE_STRICT_OBJC_MSGSEND = YES;
				GCC_C_LANGUAGE_STANDARD = gnu99;
				GCC_NO_COMMON_BLOCKS = YES;
				GCC_WARN_64_TO_32_BIT_CONVERSION = YES;
				GCC_WARN_ABOUT_RETURN_TYPE = YES_ERROR;
				GCC_WARN_UNDECLARED_SELECTOR = YES;
				GCC_WARN_UNINITIALIZED_AUTOS = YES_AGGRESSIVE;
				GCC_WARN_UNUSED_FUNCTION = YES;
				GCC_WARN_UNUSED_VARIABLE = YES;
				IPHONEOS_DEPLOYMENT_TARGET = 9.3;
				MTL_ENABLE_DEBUG_INFO = NO;
				SDKROOT = iphoneos;
				TARGETED_DEVICE_FAMILY = "1,2";
				VALIDATE_PRODUCT = YES;
			};
			name = Release;
		};
		A6F90EF01CEF6E70008DC7B2 /* Debug */ = {
			isa = XCBuildConfiguration;
			buildSettings = {
				ASSETCATALOG_COMPILER_APPICON_NAME = AppIcon;
				INFOPLIST_FILE = BeltExam/Info.plist;
				LD_RUNPATH_SEARCH_PATHS = "$(inherited) @executable_path/Frameworks";
				PRODUCT_BUNDLE_IDENTIFIER = com.michaelarbogast.BeltExam;
				PRODUCT_NAME = "$(TARGET_NAME)";
			};
			name = Debug;
		};
		A6F90EF11CEF6E70008DC7B2 /* Release */ = {
			isa = XCBuildConfiguration;
			buildSettings = {
				ASSETCATALOG_COMPILER_APPICON_NAME = AppIcon;
				INFOPLIST_FILE = BeltExam/Info.plist;
				LD_RUNPATH_SEARCH_PATHS = "$(inherited) @executable_path/Frameworks";
				PRODUCT_BUNDLE_IDENTIFIER = com.michaelarbogast.BeltExam;
				PRODUCT_NAME = "$(TARGET_NAME)";
			};
			name = Release;
		};
/* End XCBuildConfiguration section */

/* Begin XCConfigurationList section */
		A6F90ED51CEF6E70008DC7B2 /* Build configuration list for PBXProject "BeltExam" */ = {
			isa = XCConfigurationList;
			buildConfigurations = (
				A6F90EED1CEF6E70008DC7B2 /* Debug */,
				A6F90EEE1CEF6E70008DC7B2 /* Release */,
			);
			defaultConfigurationIsVisible = 0;
			defaultConfigurationName = Release;
		};
		A6F90EEF1CEF6E70008DC7B2 /* Build configuration list for PBXNativeTarget "BeltExam" */ = {
			isa = XCConfigurationList;
			buildConfigurations = (
				A6F90EF01CEF6E70008DC7B2 /* Debug */,
				A6F90EF11CEF6E70008DC7B2 /* Release */,
			);
			defaultConfigurationIsVisible = 0;
		};
/* End XCConfigurationList section */

/* Begin XCVersionGroup section */
		A6F90EE41CEF6E70008DC7B2 /* BeltExam.xcdatamodeld */ = {
			isa = XCVersionGroup;
			children = (
				A6F90EE51CEF6E70008DC7B2 /* BeltExam.xcdatamodel */,
			);
			currentVersion = A6F90EE51CEF6E70008DC7B2 /* BeltExam.xcdatamodel */;
			path = BeltExam.xcdatamodeld;
			sourceTree = "<group>";
			versionGroupType = wrapper.xcdatamodel;
		};
/* End XCVersionGroup section */
	};
	rootObject = A6F90ED21CEF6E70008DC7B2 /* Project object */;
}
